// !$*UTF8*$!
{
	archiveVersion = 1;
	classes = {
	};
	objectVersion = 50;
	objects = {

/* Begin PBXBuildFile section */
		5C137B1B21368D910052DBC2 /* AppDelegate.m in Sources */ = {isa = PBXBuildFile; fileRef = 5C137B1A21368D910052DBC2 /* AppDelegate.m */; };
		5C137B1E21368D910052DBC2 /* ViewController.m in Sources */ = {isa = PBXBuildFile; fileRef = 5C137B1D21368D910052DBC2 /* ViewController.m */; };
		5C137B2121368D910052DBC2 /* Main.storyboard in Resources */ = {isa = PBXBuildFile; fileRef = 5C137B1F21368D910052DBC2 /* Main.storyboard */; };
		5C137B2321368D920052DBC2 /* Assets.xcassets in Resources */ = {isa = PBXBuildFile; fileRef = 5C137B2221368D920052DBC2 /* Assets.xcassets */; };
		5C137B2621368D920052DBC2 /* LaunchScreen.storyboard in Resources */ = {isa = PBXBuildFile; fileRef = 5C137B2421368D920052DBC2 /* LaunchScreen.storyboard */; };
		5C137B2921368D920052DBC2 /* main.m in Sources */ = {isa = PBXBuildFile; fileRef = 5C137B2821368D920052DBC2 /* main.m */; };
		5C137B3321368D930052DBC2 /* SHShortVideoExmapleTests.m in Sources */ = {isa = PBXBuildFile; fileRef = 5C137B3221368D930052DBC2 /* SHShortVideoExmapleTests.m */; };
		5C137B3E21368D930052DBC2 /* SHShortVideoExmapleUITests.m in Sources */ = {isa = PBXBuildFile; fileRef = 5C137B3D21368D930052DBC2 /* SHShortVideoExmapleUITests.m */; };
		5C137B4E21368DBD0052DBC2 /* SHShortVideoViewController.m in Sources */ = {isa = PBXBuildFile; fileRef = 5C137B4D21368DBD0052DBC2 /* SHShortVideoViewController.m */; };
		5C137B5121368F740052DBC2 /* SHShortAVPlayer.m in Sources */ = {isa = PBXBuildFile; fileRef = 5C137B5021368F740052DBC2 /* SHShortAVPlayer.m */; };
		5C137B9A213693090052DBC2 /* SHShortVideo.bundle in Resources */ = {isa = PBXBuildFile; fileRef = 5C137B99213693090052DBC2 /* SHShortVideo.bundle */; };
		6A34F73AAE586195C5BD028D /* Pods_SHShortVideoExmaple.framework in Frameworks */ = {isa = PBXBuildFile; fileRef = 2FFD80D9F66D4A56296D0C4D /* Pods_SHShortVideoExmaple.framework */; };
		99E6A5682C2A62AC6E6D781B /* Pods_SHShortVideoExmapleTests.framework in Frameworks */ = {isa = PBXBuildFile; fileRef = A1D1B8BD37B3C112E5D3EEC1 /* Pods_SHShortVideoExmapleTests.framework */; };
		BB5931C9061AF1C7A0D91BB8 /* Pods_SHShortVideoExmaple_SHShortVideoExmapleUITests.framework in Frameworks */ = {isa = PBXBuildFile; fileRef = 1AF258FDF43F8CF2836BC8C9 /* Pods_SHShortVideoExmaple_SHShortVideoExmapleUITests.framework */; };
/* End PBXBuildFile section */

/* Begin PBXContainerItemProxy section */
		5C137B2F21368D930052DBC2 /* PBXContainerItemProxy */ = {
			isa = PBXContainerItemProxy;
			containerPortal = 5C137B0E21368D910052DBC2 /* Project object */;
			proxyType = 1;
			remoteGlobalIDString = 5C137B1521368D910052DBC2;
			remoteInfo = SHShortVideoExmaple;
		};
		5C137B3A21368D930052DBC2 /* PBXContainerItemProxy */ = {
			isa = PBXContainerItemProxy;
			containerPortal = 5C137B0E21368D910052DBC2 /* Project object */;
			proxyType = 1;
			remoteGlobalIDString = 5C137B1521368D910052DBC2;
			remoteInfo = SHShortVideoExmaple;
		};
/* End PBXContainerItemProxy section */

/* Begin PBXFileReference section */
		1AF258FDF43F8CF2836BC8C9 /* Pods_SHShortVideoExmaple_SHShortVideoExmapleUITests.framework */ = {isa = PBXFileReference; explicitFileType = wrapper.framework; includeInIndex = 0; path = Pods_SHShortVideoExmaple_SHShortVideoExmapleUITests.framework; sourceTree = BUILT_PRODUCTS_DIR; };
		2FFD80D9F66D4A56296D0C4D /* Pods_SHShortVideoExmaple.framework */ = {isa = PBXFileReference; explicitFileType = wrapper.framework; includeInIndex = 0; path = Pods_SHShortVideoExmaple.framework; sourceTree = BUILT_PRODUCTS_DIR; };
		3BAA1AC46E6C668C781DB2D7 /* Pods-SHShortVideoExmaple-SHShortVideoExmapleUITests.release.xcconfig */ = {isa = PBXFileReference; includeInIndex = 1; lastKnownFileType = text.xcconfig; name = "Pods-SHShortVideoExmaple-SHShortVideoExmapleUITests.release.xcconfig"; path = "Target Support Files/Pods-SHShortVideoExmaple-SHShortVideoExmapleUITests/Pods-SHShortVideoExmaple-SHShortVideoExmapleUITests.release.xcconfig"; sourceTree = "<group>"; };
		538C4602E2109419B8FCCA75 /* Pods-SHShortVideoExmaple-SHShortVideoExmapleUITests.debug.xcconfig */ = {isa = PBXFileReference; includeInIndex = 1; lastKnownFileType = text.xcconfig; name = "Pods-SHShortVideoExmaple-SHShortVideoExmapleUITests.debug.xcconfig"; path = "Target Support Files/Pods-SHShortVideoExmaple-SHShortVideoExmapleUITests/Pods-SHShortVideoExmaple-SHShortVideoExmapleUITests.debug.xcconfig"; sourceTree = "<group>"; };
		5C137B1621368D910052DBC2 /* SHShortVideoExmaple.app */ = {isa = PBXFileReference; explicitFileType = wrapper.application; includeInIndex = 0; path = SHShortVideoExmaple.app; sourceTree = BUILT_PRODUCTS_DIR; };
		5C137B1921368D910052DBC2 /* AppDelegate.h */ = {isa = PBXFileReference; lastKnownFileType = sourcecode.c.h; path = AppDelegate.h; sourceTree = "<group>"; };
		5C137B1A21368D910052DBC2 /* AppDelegate.m */ = {isa = PBXFileReference; lastKnownFileType = sourcecode.c.objc; path = AppDelegate.m; sourceTree = "<group>"; };
		5C137B1C21368D910052DBC2 /* ViewController.h */ = {isa = PBXFileReference; lastKnownFileType = sourcecode.c.h; path = ViewController.h; sourceTree = "<group>"; };
		5C137B1D21368D910052DBC2 /* ViewController.m */ = {isa = PBXFileReference; lastKnownFileType = sourcecode.c.objc; path = ViewController.m; sourceTree = "<group>"; };
		5C137B2021368D910052DBC2 /* Base */ = {isa = PBXFileReference; lastKnownFileType = file.storyboard; name = Base; path = Base.lproj/Main.storyboard; sourceTree = "<group>"; };
		5C137B2221368D920052DBC2 /* Assets.xcassets */ = {isa = PBXFileReference; lastKnownFileType = folder.assetcatalog; path = Assets.xcassets; sourceTree = "<group>"; };
		5C137B2521368D920052DBC2 /* Base */ = {isa = PBXFileReference; lastKnownFileType = file.storyboard; name = Base; path = Base.lproj/LaunchScreen.storyboard; sourceTree = "<group>"; };
		5C137B2721368D920052DBC2 /* Info.plist */ = {isa = PBXFileReference; lastKnownFileType = text.plist.xml; path = Info.plist; sourceTree = "<group>"; };
		5C137B2821368D920052DBC2 /* main.m */ = {isa = PBXFileReference; lastKnownFileType = sourcecode.c.objc; path = main.m; sourceTree = "<group>"; };
		5C137B2E21368D930052DBC2 /* SHShortVideoExmapleTests.xctest */ = {isa = PBXFileReference; explicitFileType = wrapper.cfbundle; includeInIndex = 0; path = SHShortVideoExmapleTests.xctest; sourceTree = BUILT_PRODUCTS_DIR; };
		5C137B3221368D930052DBC2 /* SHShortVideoExmapleTests.m */ = {isa = PBXFileReference; lastKnownFileType = sourcecode.c.objc; path = SHShortVideoExmapleTests.m; sourceTree = "<group>"; };
		5C137B3421368D930052DBC2 /* Info.plist */ = {isa = PBXFileReference; lastKnownFileType = text.plist.xml; path = Info.plist; sourceTree = "<group>"; };
		5C137B3921368D930052DBC2 /* SHShortVideoExmapleUITests.xctest */ = {isa = PBXFileReference; explicitFileType = wrapper.cfbundle; includeInIndex = 0; path = SHShortVideoExmapleUITests.xctest; sourceTree = BUILT_PRODUCTS_DIR; };
		5C137B3D21368D930052DBC2 /* SHShortVideoExmapleUITests.m */ = {isa = PBXFileReference; lastKnownFileType = sourcecode.c.objc; path = SHShortVideoExmapleUITests.m; sourceTree = "<group>"; };
		5C137B3F21368D930052DBC2 /* Info.plist */ = {isa = PBXFileReference; lastKnownFileType = text.plist.xml; path = Info.plist; sourceTree = "<group>"; };
		5C137B4C21368DBD0052DBC2 /* SHShortVideoViewController.h */ = {isa = PBXFileReference; lastKnownFileType = sourcecode.c.h; path = SHShortVideoViewController.h; sourceTree = "<group>"; };
		5C137B4D21368DBD0052DBC2 /* SHShortVideoViewController.m */ = {isa = PBXFileReference; indentWidth = 3; lastKnownFileType = sourcecode.c.objc; path = SHShortVideoViewController.m; sourceTree = "<group>"; };
		5C137B4F21368F740052DBC2 /* SHShortAVPlayer.h */ = {isa = PBXFileReference; lastKnownFileType = sourcecode.c.h; path = SHShortAVPlayer.h; sourceTree = "<group>"; };
		5C137B5021368F740052DBC2 /* SHShortAVPlayer.m */ = {isa = PBXFileReference; lastKnownFileType = sourcecode.c.objc; path = SHShortAVPlayer.m; sourceTree = "<group>"; };
		5C137B99213693090052DBC2 /* SHShortVideo.bundle */ = {isa = PBXFileReference; lastKnownFileType = "wrapper.plug-in"; path = SHShortVideo.bundle; sourceTree = "<group>"; };
		A15931F29287A30BF921DCE8 /* Pods-SHShortVideoExmapleTests.release.xcconfig */ = {isa = PBXFileReference; includeInIndex = 1; lastKnownFileType = text.xcconfig; name = "Pods-SHShortVideoExmapleTests.release.xcconfig"; path = "Target Support Files/Pods-SHShortVideoExmapleTests/Pods-SHShortVideoExmapleTests.release.xcconfig"; sourceTree = "<group>"; };
		A1D1B8BD37B3C112E5D3EEC1 /* Pods_SHShortVideoExmapleTests.framework */ = {isa = PBXFileReference; explicitFileType = wrapper.framework; includeInIndex = 0; path = Pods_SHShortVideoExmapleTests.framework; sourceTree = BUILT_PRODUCTS_DIR; };
		DA1CCE53B645DD5074F379A8 /* Pods-SHShortVideoExmaple.release.xcconfig */ = {isa = PBXFileReference; includeInIndex = 1; lastKnownFileType = text.xcconfig; name = "Pods-SHShortVideoExmaple.release.xcconfig"; path = "Target Support Files/Pods-SHShortVideoExmaple/Pods-SHShortVideoExmaple.release.xcconfig"; sourceTree = "<group>"; };
		ED2D1040466495B236BC777C /* Pods-SHShortVideoExmaple.debug.xcconfig */ = {isa = PBXFileReference; includeInIndex = 1; lastKnownFileType = text.xcconfig; name = "Pods-SHShortVideoExmaple.debug.xcconfig"; path = "Target Support Files/Pods-SHShortVideoExmaple/Pods-SHShortVideoExmaple.debug.xcconfig"; sourceTree = "<group>"; };
		F090483375CDE9F24B855E23 /* Pods-SHShortVideoExmapleTests.debug.xcconfig */ = {isa = PBXFileReference; includeInIndex = 1; lastKnownFileType = text.xcconfig; name = "Pods-SHShortVideoExmapleTests.debug.xcconfig"; path = "Target Support Files/Pods-SHShortVideoExmapleTests/Pods-SHShortVideoExmapleTests.debug.xcconfig"; sourceTree = "<group>"; };
/* End PBXFileReference section */

/* Begin PBXFrameworksBuildPhase section */
		5C137B1321368D910052DBC2 /* Frameworks */ = {
			isa = PBXFrameworksBuildPhase;
			buildActionMask = 2147483647;
			files = (
				6A34F73AAE586195C5BD028D /* Pods_SHShortVideoExmaple.framework in Frameworks */,
			);
			runOnlyForDeploymentPostprocessing = 0;
		};
		5C137B2B21368D930052DBC2 /* Frameworks */ = {
			isa = PBXFrameworksBuildPhase;
			buildActionMask = 2147483647;
			files = (
				99E6A5682C2A62AC6E6D781B /* Pods_SHShortVideoExmapleTests.framework in Frameworks */,
			);
			runOnlyForDeploymentPostprocessing = 0;
		};
		5C137B3621368D930052DBC2 /* Frameworks */ = {
			isa = PBXFrameworksBuildPhase;
			buildActionMask = 2147483647;
			files = (
				BB5931C9061AF1C7A0D91BB8 /* Pods_SHShortVideoExmaple_SHShortVideoExmapleUITests.framework in Frameworks */,
			);
			runOnlyForDeploymentPostprocessing = 0;
		};
/* End PBXFrameworksBuildPhase section */

/* Begin PBXGroup section */
		5C137B0D21368D910052DBC2 = {
			isa = PBXGroup;
			children = (
				5C137B1821368D910052DBC2 /* SHShortVideoExmaple */,
				5C137B3121368D930052DBC2 /* SHShortVideoExmapleTests */,
				5C137B3C21368D930052DBC2 /* SHShortVideoExmapleUITests */,
				5C137B1721368D910052DBC2 /* Products */,
				F67087806EE3C2A5ED8B3642 /* Pods */,
				5D58E49D96564D73E32D9592 /* Frameworks */,
			);
			sourceTree = "<group>";
		};
		5C137B1721368D910052DBC2 /* Products */ = {
			isa = PBXGroup;
			children = (
				5C137B1621368D910052DBC2 /* SHShortVideoExmaple.app */,
				5C137B2E21368D930052DBC2 /* SHShortVideoExmapleTests.xctest */,
				5C137B3921368D930052DBC2 /* SHShortVideoExmapleUITests.xctest */,
			);
			name = Products;
			sourceTree = "<group>";
		};
		5C137B1821368D910052DBC2 /* SHShortVideoExmaple */ = {
			isa = PBXGroup;
			children = (
				5C137B4B21368DAD0052DBC2 /* SHShortVideo */,
				5C137B1921368D910052DBC2 /* AppDelegate.h */,
				5C137B1A21368D910052DBC2 /* AppDelegate.m */,
				5C137B1C21368D910052DBC2 /* ViewController.h */,
				5C137B1D21368D910052DBC2 /* ViewController.m */,
				5C137B1F21368D910052DBC2 /* Main.storyboard */,
				5C137B2221368D920052DBC2 /* Assets.xcassets */,
				5C137B2421368D920052DBC2 /* LaunchScreen.storyboard */,
				5C137B2721368D920052DBC2 /* Info.plist */,
				5C137B2821368D920052DBC2 /* main.m */,
			);
			path = SHShortVideoExmaple;
			sourceTree = "<group>";
		};
		5C137B3121368D930052DBC2 /* SHShortVideoExmapleTests */ = {
			isa = PBXGroup;
			children = (
				5C137B3221368D930052DBC2 /* SHShortVideoExmapleTests.m */,
				5C137B3421368D930052DBC2 /* Info.plist */,
			);
			path = SHShortVideoExmapleTests;
			sourceTree = "<group>";
		};
		5C137B3C21368D930052DBC2 /* SHShortVideoExmapleUITests */ = {
			isa = PBXGroup;
			children = (
				5C137B3D21368D930052DBC2 /* SHShortVideoExmapleUITests.m */,
				5C137B3F21368D930052DBC2 /* Info.plist */,
			);
			path = SHShortVideoExmapleUITests;
			sourceTree = "<group>";
		};
		5C137B4B21368DAD0052DBC2 /* SHShortVideo */ = {
			isa = PBXGroup;
			children = (
				5C137B4C21368DBD0052DBC2 /* SHShortVideoViewController.h */,
				5C137B4D21368DBD0052DBC2 /* SHShortVideoViewController.m */,
				5C137B4F21368F740052DBC2 /* SHShortAVPlayer.h */,
				5C137B5021368F740052DBC2 /* SHShortAVPlayer.m */,
				5C137B99213693090052DBC2 /* SHShortVideo.bundle */,
			);
			path = SHShortVideo;
			sourceTree = "<group>";
		};
		5D58E49D96564D73E32D9592 /* Frameworks */ = {
			isa = PBXGroup;
			children = (
				2FFD80D9F66D4A56296D0C4D /* Pods_SHShortVideoExmaple.framework */,
				1AF258FDF43F8CF2836BC8C9 /* Pods_SHShortVideoExmaple_SHShortVideoExmapleUITests.framework */,
				A1D1B8BD37B3C112E5D3EEC1 /* Pods_SHShortVideoExmapleTests.framework */,
			);
			name = Frameworks;
			sourceTree = "<group>";
		};
		F67087806EE3C2A5ED8B3642 /* Pods */ = {
			isa = PBXGroup;
			children = (
				ED2D1040466495B236BC777C /* Pods-SHShortVideoExmaple.debug.xcconfig */,
				DA1CCE53B645DD5074F379A8 /* Pods-SHShortVideoExmaple.release.xcconfig */,
				538C4602E2109419B8FCCA75 /* Pods-SHShortVideoExmaple-SHShortVideoExmapleUITests.debug.xcconfig */,
				3BAA1AC46E6C668C781DB2D7 /* Pods-SHShortVideoExmaple-SHShortVideoExmapleUITests.release.xcconfig */,
				F090483375CDE9F24B855E23 /* Pods-SHShortVideoExmapleTests.debug.xcconfig */,
				A15931F29287A30BF921DCE8 /* Pods-SHShortVideoExmapleTests.release.xcconfig */,
			);
			name = Pods;
			path = Pods;
			sourceTree = "<group>";
		};
/* End PBXGroup section */

/* Begin PBXNativeTarget section */
		5C137B1521368D910052DBC2 /* SHShortVideoExmaple */ = {
			isa = PBXNativeTarget;
			buildConfigurationList = 5C137B4221368D930052DBC2 /* Build configuration list for PBXNativeTarget "SHShortVideoExmaple" */;
			buildPhases = (
				015D7FFCCB0A8D08B9FD914F /* [CP] Check Pods Manifest.lock */,
				5C137B1221368D910052DBC2 /* Sources */,
				5C137B1321368D910052DBC2 /* Frameworks */,
				5C137B1421368D910052DBC2 /* Resources */,
				A184D6E02C739FA85E4CD788 /* [CP] Embed Pods Frameworks */,
			);
			buildRules = (
			);
			dependencies = (
			);
			name = SHShortVideoExmaple;
			productName = SHShortVideoExmaple;
			productReference = 5C137B1621368D910052DBC2 /* SHShortVideoExmaple.app */;
			productType = "com.apple.product-type.application";
		};
		5C137B2D21368D930052DBC2 /* SHShortVideoExmapleTests */ = {
			isa = PBXNativeTarget;
			buildConfigurationList = 5C137B4521368D930052DBC2 /* Build configuration list for PBXNativeTarget "SHShortVideoExmapleTests" */;
			buildPhases = (
				8DE192C147C9732A85DFA9AB /* [CP] Check Pods Manifest.lock */,
				5C137B2A21368D930052DBC2 /* Sources */,
				5C137B2B21368D930052DBC2 /* Frameworks */,
				5C137B2C21368D930052DBC2 /* Resources */,
			);
			buildRules = (
			);
			dependencies = (
				5C137B3021368D930052DBC2 /* PBXTargetDependency */,
			);
			name = SHShortVideoExmapleTests;
			productName = SHShortVideoExmapleTests;
			productReference = 5C137B2E21368D930052DBC2 /* SHShortVideoExmapleTests.xctest */;
			productType = "com.apple.product-type.bundle.unit-test";
		};
		5C137B3821368D930052DBC2 /* SHShortVideoExmapleUITests */ = {
			isa = PBXNativeTarget;
			buildConfigurationList = 5C137B4821368D930052DBC2 /* Build configuration list for PBXNativeTarget "SHShortVideoExmapleUITests" */;
			buildPhases = (
				3F783569B45498EFEEFE62DC /* [CP] Check Pods Manifest.lock */,
				5C137B3521368D930052DBC2 /* Sources */,
				5C137B3621368D930052DBC2 /* Frameworks */,
				5C137B3721368D930052DBC2 /* Resources */,
				2F508D6B6F312452A7770801 /* [CP] Embed Pods Frameworks */,
			);
			buildRules = (
			);
			dependencies = (
				5C137B3B21368D930052DBC2 /* PBXTargetDependency */,
			);
			name = SHShortVideoExmapleUITests;
			productName = SHShortVideoExmapleUITests;
			productReference = 5C137B3921368D930052DBC2 /* SHShortVideoExmapleUITests.xctest */;
			productType = "com.apple.product-type.bundle.ui-testing";
		};
/* End PBXNativeTarget section */

/* Begin PBXProject section */
		5C137B0E21368D910052DBC2 /* Project object */ = {
			isa = PBXProject;
			attributes = {
				LastUpgradeCheck = 0940;
				ORGANIZATIONNAME = CSH;
				TargetAttributes = {
					5C137B1521368D910052DBC2 = {
						CreatedOnToolsVersion = 9.4.1;
					};
					5C137B2D21368D930052DBC2 = {
						CreatedOnToolsVersion = 9.4.1;
						TestTargetID = 5C137B1521368D910052DBC2;
					};
					5C137B3821368D930052DBC2 = {
						CreatedOnToolsVersion = 9.4.1;
						TestTargetID = 5C137B1521368D910052DBC2;
					};
				};
			};
			buildConfigurationList = 5C137B1121368D910052DBC2 /* Build configuration list for PBXProject "SHShortVideoExmaple" */;
			compatibilityVersion = "Xcode 9.3";
			developmentRegion = en;
			hasScannedForEncodings = 0;
			knownRegions = (
				en,
				Base,
			);
			mainGroup = 5C137B0D21368D910052DBC2;
			productRefGroup = 5C137B1721368D910052DBC2 /* Products */;
			projectDirPath = "";
			projectRoot = "";
			targets = (
				5C137B1521368D910052DBC2 /* SHShortVideoExmaple */,
				5C137B2D21368D930052DBC2 /* SHShortVideoExmapleTests */,
				5C137B3821368D930052DBC2 /* SHShortVideoExmapleUITests */,
			);
		};
/* End PBXProject section */

/* Begin PBXResourcesBuildPhase section */
		5C137B1421368D910052DBC2 /* Resources */ = {
			isa = PBXResourcesBuildPhase;
			buildActionMask = 2147483647;
			files = (
				5C137B2621368D920052DBC2 /* LaunchScreen.storyboard in Resources */,
				5C137B2321368D920052DBC2 /* Assets.xcassets in Resources */,
				5C137B2121368D910052DBC2 /* Main.storyboard in Resources */,
				5C137B9A213693090052DBC2 /* SHShortVideo.bundle in Resources */,
			);
			runOnlyForDeploymentPostprocessing = 0;
		};
		5C137B2C21368D930052DBC2 /* Resources */ = {
			isa = PBXResourcesBuildPhase;
			buildActionMask = 2147483647;
			files = (
			);
			runOnlyForDeploymentPostprocessing = 0;
		};
		5C137B3721368D930052DBC2 /* Resources */ = {
			isa = PBXResourcesBuildPhase;
			buildActionMask = 2147483647;
			files = (
			);
			runOnlyForDeploymentPostprocessing = 0;
		};
/* End PBXResourcesBuildPhase section */

/* Begin PBXShellScriptBuildPhase section */
		015D7FFCCB0A8D08B9FD914F /* [CP] Check Pods Manifest.lock */ = {
			isa = PBXShellScriptBuildPhase;
			buildActionMask = 2147483647;
			files = (
			);
			inputFileListPaths = (
			);
			inputPaths = (
				"${PODS_PODFILE_DIR_PATH}/Podfile.lock",
				"${PODS_ROOT}/Manifest.lock",
			);
			name = "[CP] Check Pods Manifest.lock";
			outputFileListPaths = (
			);
			outputPaths = (
				"$(DERIVED_FILE_DIR)/Pods-SHShortVideoExmaple-checkManifestLockResult.txt",
			);
			runOnlyForDeploymentPostprocessing = 0;
			shellPath = /bin/sh;
			shellScript = "diff \"${PODS_PODFILE_DIR_PATH}/Podfile.lock\" \"${PODS_ROOT}/Manifest.lock\" > /dev/null\nif [ $? != 0 ] ; then\n    # print error to STDERR\n    echo \"error: The sandbox is not in sync with the Podfile.lock. Run 'pod install' or update your CocoaPods installation.\" >&2\n    exit 1\nfi\n# This output is used by Xcode 'outputs' to avoid re-running this script phase.\necho \"SUCCESS\" > \"${SCRIPT_OUTPUT_FILE_0}\"\n";
			showEnvVarsInLog = 0;
		};
		2F508D6B6F312452A7770801 /* [CP] Embed Pods Frameworks */ = {
			isa = PBXShellScriptBuildPhase;
			buildActionMask = 2147483647;
			files = (
			);
			inputFileListPaths = (
				"${PODS_ROOT}/Target Support Files/Pods-SHShortVideoExmaple-SHShortVideoExmapleUITests/Pods-SHShortVideoExmaple-SHShortVideoExmapleUITests-frameworks-${CONFIGURATION}-input-files.xcfilelist",
			);
			name = "[CP] Embed Pods Frameworks";
			outputFileListPaths = (
				"${PODS_ROOT}/Target Support Files/Pods-SHShortVideoExmaple-SHShortVideoExmapleUITests/Pods-SHShortVideoExmaple-SHShortVideoExmapleUITests-frameworks-${CONFIGURATION}-output-files.xcfilelist",
			);
			runOnlyForDeploymentPostprocessing = 0;
			shellPath = /bin/sh;
			shellScript = "\"${PODS_ROOT}/Target Support Files/Pods-SHShortVideoExmaple-SHShortVideoExmapleUITests/Pods-SHShortVideoExmaple-SHShortVideoExmapleUITests-frameworks.sh\"\n";
			showEnvVarsInLog = 0;
		};
		3F783569B45498EFEEFE62DC /* [CP] Check Pods Manifest.lock */ = {
			isa = PBXShellScriptBuildPhase;
			buildActionMask = 2147483647;
			files = (
			);
			inputFileListPaths = (
			);
			inputPaths = (
				"${PODS_PODFILE_DIR_PATH}/Podfile.lock",
				"${PODS_ROOT}/Manifest.lock",
			);
			name = "[CP] Check Pods Manifest.lock";
			outputFileListPaths = (
			);
			outputPaths = (
				"$(DERIVED_FILE_DIR)/Pods-SHShortVideoExmaple-SHShortVideoExmapleUITests-checkManifestLockResult.txt",
			);
			runOnlyForDeploymentPostprocessing = 0;
			shellPath = /bin/sh;
			shellScript = "diff \"${PODS_PODFILE_DIR_PATH}/Podfile.lock\" \"${PODS_ROOT}/Manifest.lock\" > /dev/null\nif [ $? != 0 ] ; then\n    # print error to STDERR\n    echo \"error: The sandbox is not in sync with the Podfile.lock. Run 'pod install' or update your CocoaPods installation.\" >&2\n    exit 1\nfi\n# This output is used by Xcode 'outputs' to avoid re-running this script phase.\necho \"SUCCESS\" > \"${SCRIPT_OUTPUT_FILE_0}\"\n";
			showEnvVarsInLog = 0;
		};
		8DE192C147C9732A85DFA9AB /* [CP] Check Pods Manifest.lock */ = {
			isa = PBXShellScriptBuildPhase;
			buildActionMask = 2147483647;
			files = (
			);
			inputFileListPaths = (
			);
			inputPaths = (
				"${PODS_PODFILE_DIR_PATH}/Podfile.lock",
				"${PODS_ROOT}/Manifest.lock",
			);
			name = "[CP] Check Pods Manifest.lock";
			outputFileListPaths = (
			);
			outputPaths = (
				"$(DERIVED_FILE_DIR)/Pods-SHShortVideoExmapleTests-checkManifestLockResult.txt",
			);
			runOnlyForDeploymentPostprocessing = 0;
			shellPath = /bin/sh;
			shellScript = "diff \"${PODS_PODFILE_DIR_PATH}/Podfile.lock\" \"${PODS_ROOT}/Manifest.lock\" > /dev/null\nif [ $? != 0 ] ; then\n    # print error to STDERR\n    echo \"error: The sandbox is not in sync with the Podfile.lock. Run 'pod install' or update your CocoaPods installation.\" >&2\n    exit 1\nfi\n# This output is used by Xcode 'outputs' to avoid re-running this script phase.\necho \"SUCCESS\" > \"${SCRIPT_OUTPUT_FILE_0}\"\n";
			showEnvVarsInLog = 0;
		};
		A184D6E02C739FA85E4CD788 /* [CP] Embed Pods Frameworks */ = {
			isa = PBXShellScriptBuildPhase;
			buildActionMask = 2147483647;
			files = (
			);
			inputFileListPaths = (
				"${PODS_ROOT}/Target Support Files/Pods-SHShortVideoExmaple/Pods-SHShortVideoExmaple-frameworks-${CONFIGURATION}-input-files.xcfilelist",
			);
			name = "[CP] Embed Pods Frameworks";
			outputFileListPaths = (
				"${PODS_ROOT}/Target Support Files/Pods-SHShortVideoExmaple/Pods-SHShortVideoExmaple-frameworks-${CONFIGURATION}-output-files.xcfilelist",
			);
			runOnlyForDeploymentPostprocessing = 0;
			shellPath = /bin/sh;
			shellScript = "\"${PODS_ROOT}/Target Support Files/Pods-SHShortVideoExmaple/Pods-SHShortVideoExmaple-frameworks.sh\"\n";
			showEnvVarsInLog = 0;
		};
/* End PBXShellScriptBuildPhase section */

/* Begin PBXSourcesBuildPhase section */
		5C137B1221368D910052DBC2 /* Sources */ = {
			isa = PBXSourcesBuildPhase;
			buildActionMask = 2147483647;
			files = (
				5C137B4E21368DBD0052DBC2 /* SHShortVideoViewController.m in Sources */,
				5C137B1E21368D910052DBC2 /* ViewController.m in Sources */,
				5C137B2921368D920052DBC2 /* main.m in Sources */,
				5C137B1B21368D910052DBC2 /* AppDelegate.m in Sources */,
				5C137B5121368F740052DBC2 /* SHShortAVPlayer.m in Sources */,
			);
			runOnlyForDeploymentPostprocessing = 0;
		};
		5C137B2A21368D930052DBC2 /* Sources */ = {
			isa = PBXSourcesBuildPhase;
			buildActionMask = 2147483647;
			files = (
				5C137B3321368D930052DBC2 /* SHShortVideoExmapleTests.m in Sources */,
			);
			runOnlyForDeploymentPostprocessing = 0;
		};
		5C137B3521368D930052DBC2 /* Sources */ = {
			isa = PBXSourcesBuildPhase;
			buildActionMask = 2147483647;
			files = (
				5C137B3E21368D930052DBC2 /* SHShortVideoExmapleUITests.m in Sources */,
			);
			runOnlyForDeploymentPostprocessing = 0;
		};
/* End PBXSourcesBuildPhase section */

/* Begin PBXTargetDependency section */
		5C137B3021368D930052DBC2 /* PBXTargetDependency */ = {
			isa = PBXTargetDependency;
			target = 5C137B1521368D910052DBC2 /* SHShortVideoExmaple */;
			targetProxy = 5C137B2F21368D930052DBC2 /* PBXContainerItemProxy */;
		};
		5C137B3B21368D930052DBC2 /* PBXTargetDependency */ = {
			isa = PBXTargetDependency;
			target = 5C137B1521368D910052DBC2 /* SHShortVideoExmaple */;
			targetProxy = 5C137B3A21368D930052DBC2 /* PBXContainerItemProxy */;
		};
/* End PBXTargetDependency section */

/* Begin PBXVariantGroup section */
		5C137B1F21368D910052DBC2 /* Main.storyboard */ = {
			isa = PBXVariantGroup;
			children = (
				5C137B2021368D910052DBC2 /* Base */,
			);
			name = Main.storyboard;
			sourceTree = "<group>";
		};
		5C137B2421368D920052DBC2 /* LaunchScreen.storyboard */ = {
			isa = PBXVariantGroup;
			children = (
				5C137B2521368D920052DBC2 /* Base */,
			);
			name = LaunchScreen.storyboard;
			sourceTree = "<group>";
		};
/* End PBXVariantGroup section */

/* Begin XCBuildConfiguration section */
		5C137B4021368D930052DBC2 /* Debug */ = {
			isa = XCBuildConfiguration;
			buildSettings = {
				ALWAYS_SEARCH_USER_PATHS = NO;
				CLANG_ANALYZER_NONNULL = YES;
				CLANG_ANALYZER_NUMBER_OBJECT_CONVERSION = YES_AGGRESSIVE;
				CLANG_CXX_LANGUAGE_STANDARD = "gnu++14";
				CLANG_CXX_LIBRARY = "libc++";
				CLANG_ENABLE_MODULES = YES;
				CLANG_ENABLE_OBJC_ARC = YES;
				CLANG_ENABLE_OBJC_WEAK = YES;
				CLANG_WARN_BLOCK_CAPTURE_AUTORELEASING = YES;
				CLANG_WARN_BOOL_CONVERSION = YES;
				CLANG_WARN_COMMA = YES;
				CLANG_WARN_CONSTANT_CONVERSION = YES;
				CLANG_WARN_DEPRECATED_OBJC_IMPLEMENTATIONS = YES;
				CLANG_WARN_DIRECT_OBJC_ISA_USAGE = YES_ERROR;
				CLANG_WARN_DOCUMENTATION_COMMENTS = YES;
				CLANG_WARN_EMPTY_BODY = YES;
				CLANG_WARN_ENUM_CONVERSION = YES;
				CLANG_WARN_INFINITE_RECURSION = YES;
				CLANG_WARN_INT_CONVERSION = YES;
				CLANG_WARN_NON_LITERAL_NULL_CONVERSION = YES;
				CLANG_WARN_OBJC_IMPLICIT_RETAIN_SELF = YES;
				CLANG_WARN_OBJC_LITERAL_CONVERSION = YES;
				CLANG_WARN_OBJC_ROOT_CLASS = YES_ERROR;
				CLANG_WARN_RANGE_LOOP_ANALYSIS = YES;
				CLANG_WARN_STRICT_PROTOTYPES = YES;
				CLANG_WARN_SUSPICIOUS_MOVE = YES;
				CLANG_WARN_UNGUARDED_AVAILABILITY = YES_AGGRESSIVE;
				CLANG_WARN_UNREACHABLE_CODE = YES;
				CLANG_WARN__DUPLICATE_METHOD_MATCH = YES;
				CODE_SIGN_IDENTITY = "iPhone Developer";
				COPY_PHASE_STRIP = NO;
				DEBUG_INFORMATION_FORMAT = dwarf;
				ENABLE_STRICT_OBJC_MSGSEND = YES;
				ENABLE_TESTABILITY = YES;
				GCC_C_LANGUAGE_STANDARD = gnu11;
				GCC_DYNAMIC_NO_PIC = NO;
				GCC_NO_COMMON_BLOCKS = YES;
				GCC_OPTIMIZATION_LEVEL = 0;
				GCC_PREPROCESSOR_DEFINITIONS = (
					"DEBUG=1",
					"$(inherited)",
				);
				GCC_WARN_64_TO_32_BIT_CONVERSION = YES;
				GCC_WARN_ABOUT_RETURN_TYPE = YES_ERROR;
				GCC_WARN_UNDECLARED_SELECTOR = YES;
				GCC_WARN_UNINITIALIZED_AUTOS = YES_AGGRESSIVE;
				GCC_WARN_UNUSED_FUNCTION = YES;
				GCC_WARN_UNUSED_VARIABLE = YES;
				IPHONEOS_DEPLOYMENT_TARGET = 11.4;
				MTL_ENABLE_DEBUG_INFO = YES;
				ONLY_ACTIVE_ARCH = YES;
				SDKROOT = iphoneos;
			};
			name = Debug;
		};
		5C137B4121368D930052DBC2 /* Release */ = {
			isa = XCBuildConfiguration;
			buildSettings = {
				ALWAYS_SEARCH_USER_PATHS = NO;
				CLANG_ANALYZER_NONNULL = YES;
				CLANG_ANALYZER_NUMBER_OBJECT_CONVERSION = YES_AGGRESSIVE;
				CLANG_CXX_LANGUAGE_STANDARD = "gnu++14";
				CLANG_CXX_LIBRARY = "libc++";
				CLANG_ENABLE_MODULES = YES;
				CLANG_ENABLE_OBJC_ARC = YES;
				CLANG_ENABLE_OBJC_WEAK = YES;
				CLANG_WARN_BLOCK_CAPTURE_AUTORELEASING = YES;
				CLANG_WARN_BOOL_CONVERSION = YES;
				CLANG_WARN_COMMA = YES;
				CLANG_WARN_CONSTANT_CONVERSION = YES;
				CLANG_WARN_DEPRECATED_OBJC_IMPLEMENTATIONS = YES;
				CLANG_WARN_DIRECT_OBJC_ISA_USAGE = YES_ERROR;
				CLANG_WARN_DOCUMENTATION_COMMENTS = YES;
				CLANG_WARN_EMPTY_BODY = YES;
				CLANG_WARN_ENUM_CONVERSION = YES;
				CLANG_WARN_INFINITE_RECURSION = YES;
				CLANG_WARN_INT_CONVERSION = YES;
				CLANG_WARN_NON_LITERAL_NULL_CONVERSION = YES;
				CLANG_WARN_OBJC_IMPLICIT_RETAIN_SELF = YES;
				CLANG_WARN_OBJC_LITERAL_CONVERSION = YES;
				CLANG_WARN_OBJC_ROOT_CLASS = YES_ERROR;
				CLANG_WARN_RANGE_LOOP_ANALYSIS = YES;
				CLANG_WARN_STRICT_PROTOTYPES = YES;
				CLANG_WARN_SUSPICIOUS_MOVE = YES;
				CLANG_WARN_UNGUARDED_AVAILABILITY = YES_AGGRESSIVE;
				CLANG_WARN_UNREACHABLE_CODE = YES;
				CLANG_WARN__DUPLICATE_METHOD_MATCH = YES;
				CODE_SIGN_IDENTITY = "iPhone Developer";
				COPY_PHASE_STRIP = NO;
				DEBUG_INFORMATION_FORMAT = "dwarf-with-dsym";
				ENABLE_NS_ASSERTIONS = NO;
				ENABLE_STRICT_OBJC_MSGSEND = YES;
				GCC_C_LANGUAGE_STANDARD = gnu11;
				GCC_NO_COMMON_BLOCKS = YES;
				GCC_WARN_64_TO_32_BIT_CONVERSION = YES;
				GCC_WARN_ABOUT_RETURN_TYPE = YES_ERROR;
				GCC_WARN_UNDECLARED_SELECTOR = YES;
				GCC_WARN_UNINITIALIZED_AUTOS = YES_AGGRESSIVE;
				GCC_WARN_UNUSED_FUNCTION = YES;
				GCC_WARN_UNUSED_VARIABLE = YES;
				IPHONEOS_DEPLOYMENT_TARGET = 11.4;
				MTL_ENABLE_DEBUG_INFO = NO;
				SDKROOT = iphoneos;
				VALIDATE_PRODUCT = YES;
			};
			name = Release;
		};
		5C137B4321368D930052DBC2 /* Debug */ = {
			isa = XCBuildConfiguration;
			baseConfigurationReference = ED2D1040466495B236BC777C /* Pods-SHShortVideoExmaple.debug.xcconfig */;
			buildSettings = {
				ASSETCATALOG_COMPILER_APPICON_NAME = AppIcon;
				CODE_SIGN_STYLE = Automatic;
				DEVELOPMENT_TEAM = YHGV678NGG;
				INFOPLIST_FILE = SHShortVideoExmaple/Info.plist;
				IPHONEOS_DEPLOYMENT_TARGET = 8.0;
				LD_RUNPATH_SEARCH_PATHS = (
					"$(inherited)",
					"@executable_path/Frameworks",
				);
				PRODUCT_BUNDLE_IDENTIFIER = csh.SHShortVideoExmaple;
				PRODUCT_NAME = "$(TARGET_NAME)";
				TARGETED_DEVICE_FAMILY = "1,2";
			};
			name = Debug;
		};
		5C137B4421368D930052DBC2 /* Release */ = {
			isa = XCBuildConfiguration;
			baseConfigurationReference = DA1CCE53B645DD5074F379A8 /* Pods-SHShortVideoExmaple.release.xcconfig */;
			buildSettings = {
				ASSETCATALOG_COMPILER_APPICON_NAME = AppIcon;
				CODE_SIGN_STYLE = Automatic;
				DEVELOPMENT_TEAM = YHGV678NGG;
				INFOPLIST_FILE = SHShortVideoExmaple/Info.plist;
				IPHONEOS_DEPLOYMENT_TARGET = 8.0;
				LD_RUNPATH_SEARCH_PATHS = (
					"$(inherited)",
					"@executable_path/Frameworks",
				);
				PRODUCT_BUNDLE_IDENTIFIER = csh.SHShortVideoExmaple;
				PRODUCT_NAME = "$(TARGET_NAME)";
				TARGETED_DEVICE_FAMILY = "1,2";
			};
			name = Release;
		};
		5C137B4621368D930052DBC2 /* Debug */ = {
			isa = XCBuildConfiguration;
			baseConfigurationReference = F090483375CDE9F24B855E23 /* Pods-SHShortVideoExmapleTests.debug.xcconfig */;
			buildSettings = {
				BUNDLE_LOADER = "$(TEST_HOST)";
				CODE_SIGN_STYLE = Automatic;
				INFOPLIST_FILE = SHShortVideoExmapleTests/Info.plist;
				LD_RUNPATH_SEARCH_PATHS = (
					"$(inherited)",
					"@executable_path/Frameworks",
					"@loader_path/Frameworks",
				);
				PRODUCT_BUNDLE_IDENTIFIER = csh.SHShortVideoExmapleTests;
				PRODUCT_NAME = "$(TARGET_NAME)";
				TARGETED_DEVICE_FAMILY = "1,2";
				TEST_HOST = "$(BUILT_PRODUCTS_DIR)/SHShortVideoExmaple.app/SHShortVideoExmaple";
			};
			name = Debug;
		};
		5C137B4721368D930052DBC2 /* Release */ = {
			isa = XCBuildConfiguration;
			baseConfigurationReference = A15931F29287A30BF921DCE8 /* Pods-SHShortVideoExmapleTests.release.xcconfig */;
			buildSettings = {
				BUNDLE_LOADER = "$(TEST_HOST)";
				CODE_SIGN_STYLE = Automatic;
				INFOPLIST_FILE = SHShortVideoExmapleTests/Info.plist;
				LD_RUNPATH_SEARCH_PATHS = (
					"$(inherited)",
					"@executable_path/Frameworks",
					"@loader_path/Frameworks",
				);
				PRODUCT_BUNDLE_IDENTIFIER = csh.SHShortVideoExmapleTests;
				PRODUCT_NAME = "$(TARGET_NAME)";
				TARGETED_DEVICE_FAMILY = "1,2";
				TEST_HOST = "$(BUILT_PRODUCTS_DIR)/SHShortVideoExmaple.app/SHShortVideoExmaple";
			};
			name = Release;
		};
		5C137B4921368D930052DBC2 /* Debug */ = {
			isa = XCBuildConfiguration;
			baseConfigurationReference = 538C4602E2109419B8FCCA75 /* Pods-SHShortVideoExmaple-SHShortVideoExmapleUITests.debug.xcconfig */;
			buildSettings = {
				CODE_SIGN_STYLE = Automatic;
				INFOPLIST_FILE = SHShortVideoExmapleUITests/Info.plist;
				LD_RUNPATH_SEARCH_PATHS = (
					"$(inherited)",
					"@executable_path/Frameworks",
					"@loader_path/Frameworks",
				);
				PRODUCT_BUNDLE_IDENTIFIER = csh.SHShortVideoExmapleUITests;
				PRODUCT_NAME = "$(TARGET_NAME)";
				TARGETED_DEVICE_FAMILY = "1,2";
				TEST_TARGET_NAME = SHShortVideoExmaple;
			};
			name = Debug;
		};
		5C137B4A21368D930052DBC2 /* Release */ = {
			isa = XCBuildConfiguration;
			baseConfigurationReference = 3BAA1AC46E6C668C781DB2D7 /* Pods-SHShortVideoExmaple-SHShortVideoExmapleUITests.release.xcconfig */;
			buildSettings = {
				CODE_SIGN_STYLE = Automatic;
				INFOPLIST_FILE = SHShortVideoExmapleUITests/Info.plist;
				LD_RUNPATH_SEARCH_PATHS = (
					"$(inherited)",
					"@executable_path/Frameworks",
					"@loader_path/Frameworks",
				);
				PRODUCT_BUNDLE_IDENTIFIER = csh.SHShortVideoExmapleUITests;
				PRODUCT_NAME = "$(TARGET_NAME)";
				TARGETED_DEVICE_FAMILY = "1,2";
				TEST_TARGET_NAME = SHShortVideoExmaple;
			};
			name = Release;
		};
/* End XCBuildConfiguration section */

/* Begin XCConfigurationList section */
		5C137B1121368D910052DBC2 /* Build configuration list for PBXProject "SHShortVideoExmaple" */ = {
			isa = XCConfigurationList;
			buildConfigurations = (
				5C137B4021368D930052DBC2 /* Debug */,
				5C137B4121368D930052DBC2 /* Release */,
			);
			defaultConfigurationIsVisible = 0;
			defaultConfigurationName = Release;
		};
		5C137B4221368D930052DBC2 /* Build configuration list for PBXNativeTarget "SHShortVideoExmaple" */ = {
			isa = XCConfigurationList;
			buildConfigurations = (
				5C137B4321368D930052DBC2 /* Debug */,
				5C137B4421368D930052DBC2 /* Release */,
			);
			defaultConfigurationIsVisible = 0;
			defaultConfigurationName = Release;
		};
		5C137B4521368D930052DBC2 /* Build configuration list for PBXNativeTarget "SHShortVideoExmapleTests" */ = {
			isa = XCConfigurationList;
			buildConfigurations = (
				5C137B4621368D930052DBC2 /* Debug */,
				5C137B4721368D930052DBC2 /* Release */,
			);
			defaultConfigurationIsVisible = 0;
			defaultConfigurationName = Release;
		};
		5C137B4821368D930052DBC2 /* Build configuration list for PBXNativeTarget "SHShortVideoExmapleUITests" */ = {
			isa = XCConfigurationList;
			buildConfigurations = (
				5C137B4921368D930052DBC2 /* Debug */,
				5C137B4A21368D930052DBC2 /* Release */,
			);
			defaultConfigurationIsVisible = 0;
			defaultConfigurationName = Release;
		};
/* End XCConfigurationList section */
	};
	rootObject = 5C137B0E21368D910052DBC2 /* Project object */;
}
